# This file is automatically @generated by Poetry 1.8.3 and should not be changed by hand.

[[package]]
name = "asgiref"
version = "3.8.1"
description = "ASGI specs, helper code, and adapters"
optional = false
python-versions = ">=3.8"
files = [
    {file = "asgiref-3.8.1-py3-none-any.whl", hash = "sha256:3e1e3ecc849832fe52ccf2cb6686b7a55f82bb1d6aee72a58826471390335e47"},
    {file = "asgiref-3.8.1.tar.gz", hash = "sha256:c343bd80a0bec947a9860adb4c432ffa7db769836c64238fc34bdc3fec84d590"},
]

[package.extras]
tests = ["mypy (>=0.800)", "pytest", "pytest-asyncio"]

[[package]]
name = "django"
version = "5.1.1"
description = "A high-level Python web framework that encourages rapid development and clean, pragmatic design."
optional = false
python-versions = ">=3.10"
files = [
    {file = "Django-5.1.1-py3-none-any.whl", hash = "sha256:71603f27dac22a6533fb38d83072eea9ddb4017fead6f67f2562a40402d61c3f"},
    {file = "Django-5.1.1.tar.gz", hash = "sha256:021ffb7fdab3d2d388bc8c7c2434eb9c1f6f4d09e6119010bbb1694dda286bc2"},
]

[package.dependencies]
asgiref = ">=3.8.1,<4"
sqlparse = ">=0.3.1"
tzdata = {version = "*", markers = "sys_platform == \"win32\""}

[package.extras]
argon2 = ["argon2-cffi (>=19.1.0)"]
bcrypt = ["bcrypt"]

[[package]]
name = "django-picklefield"
version = "3.2"
description = "Pickled object field for Django"
optional = false
python-versions = ">=3"
files = [
    {file = "django-picklefield-3.2.tar.gz", hash = "sha256:aa463f5d79d497dbe789f14b45180f00a51d0d670067d0729f352a3941cdfa4d"},
    {file = "django_picklefield-3.2-py3-none-any.whl", hash = "sha256:e9a73539d110f69825d9320db18bcb82e5189ff48dbed41821c026a20497764c"},
]

[package.dependencies]
Django = ">=3.2"

[package.extras]
tests = ["tox"]

[[package]]
name = "django-q2"
version = "1.7.2"
description = "A multiprocessing distributed task queue for Django"
optional = false
python-versions = "<4,>=3.8"
files = [
    {file = "django_q2-1.7.2-py3-none-any.whl", hash = "sha256:3c480d8afd90a87006404b208a49766d370d5fc864a8dd1d3a0221ec22b12bc0"},
    {file = "django_q2-1.7.2.tar.gz", hash = "sha256:ab30bbf597cc8ade99ed4deeea37c3ade1c4e5976a61be6452930d14d9ebcd1c"},
]

[package.dependencies]
django = ">=4.2,<6"
django-picklefield = ">=3.1,<4.0"

[package.extras]
rollbar = ["django-q-rollbar (>=0.1)"]
sentry = ["django-q-sentry (>=0.1)"]
testing = ["blessed (>=1.19.1,<2.0.0)", "boto3 (>=1.24.92,<2.0.0)", "croniter (>=2.0.1,<3.0.0)", "django-redis (>=5.2.0,<6.0.0)", "hiredis (>=2.0.0,<3.0.0)", "iron-mq (>=0.9,<0.10)", "psutil (>=5.9.2,<6.0.0)", "pymongo (>=4.2.0,<5.0.0)", "redis (>=4.3.4,<5.0.0)", "setproctitle (>=1.3.2,<2.0.0)"]

[[package]]
name = "django-simple-history"
version = "3.7.0"
description = "Store model history and view/revert changes from admin site."
optional = false
python-versions = ">=3.8"
files = [
    {file = "django_simple_history-3.7.0-py3-none-any.whl", hash = "sha256:282cb2c4aa63f51547f17da7f2130abaa81ba01694676d19b88d52c94a57a52c"},
    {file = "django_simple_history-3.7.0.tar.gz", hash = "sha256:ac3b7ca8b0d33f7ea6be8fe7fc98cf43415efa500ff5dfe736fbd1ebc0cf39f9"},
]

[package.dependencies]
django = ">=4.2"

[[package]]
name = "django-stubs"
version = "5.0.4"
description = "Mypy stubs for Django"
optional = false
python-versions = ">=3.8"
files = [
    {file = "django_stubs-5.0.4-py3-none-any.whl", hash = "sha256:c2502f5ecbae50c68f9a86d52b5b2447d8648fd205036dad0ccb41e19a445927"},
    {file = "django_stubs-5.0.4.tar.gz", hash = "sha256:78e3764488fdfd2695f12502136548ec22f8d4b1780541a835042b8238d11514"},
]

[package.dependencies]
asgiref = "*"
django = "*"
django-stubs-ext = ">=5.0.4"
types-PyYAML = "*"
typing-extensions = ">=4.11.0"

[package.extras]
compatible-mypy = ["mypy (>=1.11.0,<1.12.0)"]
oracle = ["oracledb"]
redis = ["redis"]

[[package]]
name = "django-stubs-ext"
version = "5.0.4"
description = "Monkey-patching and extensions for django-stubs"
optional = false
python-versions = ">=3.8"
files = [
    {file = "django_stubs_ext-5.0.4-py3-none-any.whl", hash = "sha256:910cbaff3d1e8e806a5c27d5ddd4088535aae8371ea921b7fd680fdfa5f14e30"},
    {file = "django_stubs_ext-5.0.4.tar.gz", hash = "sha256:85da065224204774208be29c7d02b4482d5a69218a728465c2fbe41725fdc819"},
]

[package.dependencies]
django = "*"
typing-extensions = "*"

[[package]]
name = "rapidfuzz"
version = "3.10.0"
description = "rapid fuzzy string matching"
optional = false
python-versions = ">=3.9"
files = [
    {file = "rapidfuzz-3.10.0-cp310-cp310-macosx_10_9_x86_64.whl", hash = "sha256:884453860de029380dded8f3c1918af2d8eb5adf8010261645c7e5c88c2b5428"},
    {file = "rapidfuzz-3.10.0-cp310-cp310-macosx_11_0_arm64.whl", hash = "sha256:718c9bd369288aca5fa929df6dbf66fdbe9768d90940a940c0b5cdc96ade4309"},
    {file = "rapidfuzz-3.10.0-cp310-cp310-manylinux_2_17_aarch64.manylinux2014_aarch64.whl", hash = "sha256:a68e3724b7dab761c01816aaa64b0903734d999d5589daf97c14ef5cc0629a8e"},
    {file = "rapidfuzz-3.10.0-cp310-cp310-manylinux_2_17_i686.manylinux2014_i686.whl", hash = "sha256:1af60988d47534246d9525f77288fdd9de652608a4842815d9018570b959acc6"},
    {file = "rapidfuzz-3.10.0-cp310-cp310-manylinux_2_17_ppc64le.manylinux2014_ppc64le.whl", hash = "sha256:3084161fc3e963056232ef8d937449a2943852e07101f5a136c8f3cfa4119217"},
    {file = "rapidfuzz-3.10.0-cp310-cp310-manylinux_2_17_s390x.manylinux2014_s390x.whl", hash = "sha256:6cd67d3d017296d98ff505529104299f78433e4b8af31b55003d901a62bbebe9"},
    {file = "rapidfuzz-3.10.0-cp310-cp310-manylinux_2_17_x86_64.manylinux2014_x86_64.whl", hash = "sha256:b11a127ac590fc991e8a02c2d7e1ac86e8141c92f78546f18b5c904064a0552c"},
    {file = "rapidfuzz-3.10.0-cp310-cp310-musllinux_1_2_aarch64.whl", hash = "sha256:aadce42147fc09dcef1afa892485311e824c050352e1aa6e47f56b9b27af4cf0"},
    {file = "rapidfuzz-3.10.0-cp310-cp310-musllinux_1_2_i686.whl", hash = "sha256:b54853c2371bf0e38d67da379519deb6fbe70055efb32f6607081641af3dc752"},
    {file = "rapidfuzz-3.10.0-cp310-cp310-musllinux_1_2_ppc64le.whl", hash = "sha256:ce19887268e90ee81a3957eef5e46a70ecc000713796639f83828b950343f49e"},
    {file = "rapidfuzz-3.10.0-cp310-cp310-musllinux_1_2_s390x.whl", hash = "sha256:f39a2a5ded23b9b9194ec45740dce57177b80f86c6d8eba953d3ff1a25c97766"},
    {file = "rapidfuzz-3.10.0-cp310-cp310-musllinux_1_2_x86_64.whl", hash = "sha256:0ec338d5f4ad8d9339a88a08db5c23e7f7a52c2b2a10510c48a0cef1fb3f0ddc"},
    {file = "rapidfuzz-3.10.0-cp310-cp310-win32.whl", hash = "sha256:56fd15ea8f4c948864fa5ebd9261c67cf7b89a1c517a0caef4df75446a7af18c"},
    {file = "rapidfuzz-3.10.0-cp310-cp310-win_amd64.whl", hash = "sha256:43dfc5e733808962a822ff6d9c29f3039a3cfb3620706f5953e17cfe4496724c"},
    {file = "rapidfuzz-3.10.0-cp310-cp310-win_arm64.whl", hash = "sha256:ae7966f205b5a7fde93b44ca8fed37c1c8539328d7f179b1197de34eceaceb5f"},
    {file = "rapidfuzz-3.10.0-cp311-cp311-macosx_10_9_x86_64.whl", hash = "sha256:bb0013795b40db5cf361e6f21ee7cda09627cf294977149b50e217d7fe9a2f03"},
    {file = "rapidfuzz-3.10.0-cp311-cp311-macosx_11_0_arm64.whl", hash = "sha256:69ef5b363afff7150a1fbe788007e307b9802a2eb6ad92ed51ab94e6ad2674c6"},
    {file = "rapidfuzz-3.10.0-cp311-cp311-manylinux_2_17_aarch64.manylinux2014_aarch64.whl", hash = "sha256:c582c46b1bb0b19f1a5f4c1312f1b640c21d78c371a6615c34025b16ee56369b"},
    {file = "rapidfuzz-3.10.0-cp311-cp311-manylinux_2_17_i686.manylinux2014_i686.whl", hash = "sha256:288f6f6e7410cacb115fb851f3f18bf0e4231eb3f6cb5bd1cec0e7b25c4d039d"},
    {file = "rapidfuzz-3.10.0-cp311-cp311-manylinux_2_17_ppc64le.manylinux2014_ppc64le.whl", hash = "sha256:c9e29a13d2fd9be3e7d8c26c7ef4ba60b5bc7efbc9dbdf24454c7e9ebba31768"},
    {file = "rapidfuzz-3.10.0-cp311-cp311-manylinux_2_17_s390x.manylinux2014_s390x.whl", hash = "sha256:ea2da0459b951ee461bd4e02b8904890bd1c4263999d291c5cd01e6620177ad4"},
    {file = "rapidfuzz-3.10.0-cp311-cp311-manylinux_2_17_x86_64.manylinux2014_x86_64.whl", hash = "sha256:457827ba82261aa2ae6ac06a46d0043ab12ba7216b82d87ae1434ec0f29736d6"},
    {file = "rapidfuzz-3.10.0-cp311-cp311-musllinux_1_2_aarch64.whl", hash = "sha256:5d350864269d56f51ab81ab750c9259ae5cad3152c0680baef143dcec92206a1"},
    {file = "rapidfuzz-3.10.0-cp311-cp311-musllinux_1_2_i686.whl", hash = "sha256:a9b8f51e08c3f983d857c3889930af9ddecc768453822076683664772d87e374"},
    {file = "rapidfuzz-3.10.0-cp311-cp311-musllinux_1_2_ppc64le.whl", hash = "sha256:7f3a6aa6e70fc27e4ff5c479f13cc9fc26a56347610f5f8b50396a0d344c5f55"},
    {file = "rapidfuzz-3.10.0-cp311-cp311-musllinux_1_2_s390x.whl", hash = "sha256:803f255f10d63420979b1909ef976e7d30dec42025c9b067fc1d2040cc365a7e"},
    {file = "rapidfuzz-3.10.0-cp311-cp311-musllinux_1_2_x86_64.whl", hash = "sha256:2026651761bf83a0f31495cc0f70840d5c0d54388f41316e3f9cb51bd85e49a5"},
    {file = "rapidfuzz-3.10.0-cp311-cp311-win32.whl", hash = "sha256:4df75b3ebbb8cfdb9bf8b213b168620b88fd92d0c16a8bc9f9234630b282db59"},
    {file = "rapidfuzz-3.10.0-cp311-cp311-win_amd64.whl", hash = "sha256:f9f0bbfb6787b97c51516f3ccf97737d504db5d239ad44527673b81f598b84ab"},
    {file = "rapidfuzz-3.10.0-cp311-cp311-win_arm64.whl", hash = "sha256:10fdad800441b9c97d471a937ba7d42625f1b530db05e572f1cb7d401d95c893"},
    {file = "rapidfuzz-3.10.0-cp312-cp312-macosx_10_13_x86_64.whl", hash = "sha256:7dc87073ba3a40dd65591a2100aa71602107443bf10770579ff9c8a3242edb94"},
    {file = "rapidfuzz-3.10.0-cp312-cp312-macosx_11_0_arm64.whl", hash = "sha256:a425a0a868cf8e9c6e93e1cda4b758cdfd314bb9a4fc916c5742c934e3613480"},
    {file = "rapidfuzz-3.10.0-cp312-cp312-manylinux_2_17_aarch64.manylinux2014_aarch64.whl", hash = "sha256:a86d5d1d75e61df060c1e56596b6b0a4422a929dff19cc3dbfd5eee762c86b61"},
    {file = "rapidfuzz-3.10.0-cp312-cp312-manylinux_2_17_i686.manylinux2014_i686.whl", hash = "sha256:34f213d59219a9c3ca14e94a825f585811a68ac56b4118b4dc388b5b14afc108"},
    {file = "rapidfuzz-3.10.0-cp312-cp312-manylinux_2_17_ppc64le.manylinux2014_ppc64le.whl", hash = "sha256:96ad46f5f56f70fab2be9e5f3165a21be58d633b90bf6e67fc52a856695e4bcf"},
    {file = "rapidfuzz-3.10.0-cp312-cp312-manylinux_2_17_s390x.manylinux2014_s390x.whl", hash = "sha256:9178277f72d144a6c7704d7ae7fa15b7b86f0f0796f0e1049c7b4ef748a662ef"},
    {file = "rapidfuzz-3.10.0-cp312-cp312-manylinux_2_17_x86_64.manylinux2014_x86_64.whl", hash = "sha256:76a35e9e19a7c883c422ffa378e9a04bc98cb3b29648c5831596401298ee51e6"},
    {file = "rapidfuzz-3.10.0-cp312-cp312-musllinux_1_2_aarch64.whl", hash = "sha256:8a6405d34c394c65e4f73a1d300c001f304f08e529d2ed6413b46ee3037956eb"},
    {file = "rapidfuzz-3.10.0-cp312-cp312-musllinux_1_2_i686.whl", hash = "sha256:bd393683129f446a75d8634306aed7e377627098a1286ff3af2a4f1736742820"},
    {file = "rapidfuzz-3.10.0-cp312-cp312-musllinux_1_2_ppc64le.whl", hash = "sha256:b0445fa9880ead81f5a7d0efc0b9c977a947d8052c43519aceeaf56eabaf6843"},
    {file = "rapidfuzz-3.10.0-cp312-cp312-musllinux_1_2_s390x.whl", hash = "sha256:c50bc308fa29767ed8f53a8d33b7633a9e14718ced038ed89d41b886e301da32"},
    {file = "rapidfuzz-3.10.0-cp312-cp312-musllinux_1_2_x86_64.whl", hash = "sha256:e89605afebbd2d4b045bccfdc12a14b16fe8ccbae05f64b4b4c64a97dad1c891"},
    {file = "rapidfuzz-3.10.0-cp312-cp312-win32.whl", hash = "sha256:2db9187f3acf3cd33424ecdbaad75414c298ecd1513470df7bda885dcb68cc15"},
    {file = "rapidfuzz-3.10.0-cp312-cp312-win_amd64.whl", hash = "sha256:50e3d0c72ea15391ba9531ead7f2068a67c5b18a6a365fef3127583aaadd1725"},
    {file = "rapidfuzz-3.10.0-cp312-cp312-win_arm64.whl", hash = "sha256:9eac95b4278bd53115903d89118a2c908398ee8bdfd977ae844f1bd2b02b917c"},
    {file = "rapidfuzz-3.10.0-cp313-cp313-macosx_10_13_x86_64.whl", hash = "sha256:fe5231e8afd069c742ac5b4f96344a0fe4aff52df8e53ef87faebf77f827822c"},
    {file = "rapidfuzz-3.10.0-cp313-cp313-macosx_11_0_arm64.whl", hash = "sha256:886882367dbc985f5736356105798f2ae6e794e671fc605476cbe2e73838a9bb"},
    {file = "rapidfuzz-3.10.0-cp313-cp313-manylinux_2_17_aarch64.manylinux2014_aarch64.whl", hash = "sha256:b33e13e537e3afd1627d421a142a12bbbe601543558a391a6fae593356842f6e"},
    {file = "rapidfuzz-3.10.0-cp313-cp313-manylinux_2_17_i686.manylinux2014_i686.whl", hash = "sha256:094c26116d55bf9c53abd840d08422f20da78ec4c4723e5024322321caedca48"},
    {file = "rapidfuzz-3.10.0-cp313-cp313-manylinux_2_17_ppc64le.manylinux2014_ppc64le.whl", hash = "sha256:545fc04f2d592e4350f59deb0818886c1b444ffba3bec535b4fbb97191aaf769"},
    {file = "rapidfuzz-3.10.0-cp313-cp313-manylinux_2_17_s390x.manylinux2014_s390x.whl", hash = "sha256:916a6abf3632e592b937c3d04c00a6efadd8fd30539cdcd4e6e4d92be7ca5d90"},
    {file = "rapidfuzz-3.10.0-cp313-cp313-manylinux_2_17_x86_64.manylinux2014_x86_64.whl", hash = "sha256:fb6ec40cef63b1922083d33bfef2f91fc0b0bc07b5b09bfee0b0f1717d558292"},
    {file = "rapidfuzz-3.10.0-cp313-cp313-musllinux_1_2_aarch64.whl", hash = "sha256:c77a7330dd15c7eb5fd3631dc646fc96327f98db8181138766bd14d3e905f0ba"},
    {file = "rapidfuzz-3.10.0-cp313-cp313-musllinux_1_2_i686.whl", hash = "sha256:949b5e9eeaa4ecb4c7e9c2a4689dddce60929dd1ff9c76a889cdbabe8bbf2171"},
    {file = "rapidfuzz-3.10.0-cp313-cp313-musllinux_1_2_ppc64le.whl", hash = "sha256:b5363932a5aab67010ae1a6205c567d1ef256fb333bc23c27582481606be480c"},
    {file = "rapidfuzz-3.10.0-cp313-cp313-musllinux_1_2_s390x.whl", hash = "sha256:5dd6eec15b13329abe66cc241b484002ecb0e17d694491c944a22410a6a9e5e2"},
    {file = "rapidfuzz-3.10.0-cp313-cp313-musllinux_1_2_x86_64.whl", hash = "sha256:79e7f98525b60b3c14524e0a4e1fedf7654657b6e02eb25f1be897ab097706f3"},
    {file = "rapidfuzz-3.10.0-cp313-cp313-win32.whl", hash = "sha256:d29d1b9857c65f8cb3a29270732e1591b9bacf89de9d13fa764f79f07d8f1fd2"},
    {file = "rapidfuzz-3.10.0-cp313-cp313-win_amd64.whl", hash = "sha256:fa9720e56663cc3649d62b4b5f3145e94b8f5611e8a8e1b46507777249d46aad"},
    {file = "rapidfuzz-3.10.0-cp313-cp313-win_arm64.whl", hash = "sha256:eda4c661e68dddd56c8fbfe1ca35e40dd2afd973f7ebb1605f4d151edc63dff8"},
    {file = "rapidfuzz-3.10.0-cp39-cp39-macosx_10_9_x86_64.whl", hash = "sha256:cffbc50e0767396ed483900900dd58ce4351bc0d40e64bced8694bd41864cc71"},
    {file = "rapidfuzz-3.10.0-cp39-cp39-macosx_11_0_arm64.whl", hash = "sha256:c038b9939da3035afb6cb2f465f18163e8f070aba0482923ecff9443def67178"},
    {file = "rapidfuzz-3.10.0-cp39-cp39-manylinux_2_17_aarch64.manylinux2014_aarch64.whl", hash = "sha256:ca366c2e2a54e2f663f4529b189fdeb6e14d419b1c78b754ec1744f3c01070d4"},
    {file = "rapidfuzz-3.10.0-cp39-cp39-manylinux_2_17_i686.manylinux2014_i686.whl", hash = "sha256:7c4c82b1689b23b1b5e6a603164ed2be41b6f6de292a698b98ba2381e889eb9d"},
    {file = "rapidfuzz-3.10.0-cp39-cp39-manylinux_2_17_ppc64le.manylinux2014_ppc64le.whl", hash = "sha256:98f6ebe28831a482981ecfeedc8237047878424ad0c1add2c7f366ba44a20452"},
    {file = "rapidfuzz-3.10.0-cp39-cp39-manylinux_2_17_s390x.manylinux2014_s390x.whl", hash = "sha256:4bd1a7676ee2a4c8e2f7f2550bece994f9f89e58afb96088964145a83af7408b"},
    {file = "rapidfuzz-3.10.0-cp39-cp39-manylinux_2_17_x86_64.manylinux2014_x86_64.whl", hash = "sha256:ec9139baa3f85b65adc700eafa03ed04995ca8533dd56c924f0e458ffec044ab"},
    {file = "rapidfuzz-3.10.0-cp39-cp39-musllinux_1_2_aarch64.whl", hash = "sha256:26de93e6495078b6af4c4d93a42ca067b16cc0e95699526c82ab7d1025b4d3bf"},
    {file = "rapidfuzz-3.10.0-cp39-cp39-musllinux_1_2_i686.whl", hash = "sha256:f3a0bda83c18195c361b5500377d0767749f128564ca95b42c8849fd475bb327"},
    {file = "rapidfuzz-3.10.0-cp39-cp39-musllinux_1_2_ppc64le.whl", hash = "sha256:63e4c175cbce8c3adc22dca5e6154588ae673f6c55374d156f3dac732c88d7de"},
    {file = "rapidfuzz-3.10.0-cp39-cp39-musllinux_1_2_s390x.whl", hash = "sha256:4dd3d8443970eaa02ab5ae45ce584b061f2799cd9f7e875190e2617440c1f9d4"},
    {file = "rapidfuzz-3.10.0-cp39-cp39-musllinux_1_2_x86_64.whl", hash = "sha256:e5ddb2388610799fc46abe389600625058f2a73867e63e20107c5ad5ffa57c47"},
    {file = "rapidfuzz-3.10.0-cp39-cp39-win32.whl", hash = "sha256:2e9be5d05cd960914024412b5406fb75a82f8562f45912ff86255acbfdbfb78e"},
    {file = "rapidfuzz-3.10.0-cp39-cp39-win_amd64.whl", hash = "sha256:47aca565a39c9a6067927871973ca827023e8b65ba6c5747f4c228c8d7ddc04f"},
    {file = "rapidfuzz-3.10.0-cp39-cp39-win_arm64.whl", hash = "sha256:b0732343cdc4273b5921268026dd7266f75466eb21873cb7635a200d9d9c3fac"},
    {file = "rapidfuzz-3.10.0-pp310-pypy310_pp73-macosx_10_15_x86_64.whl", hash = "sha256:f744b5eb1469bf92dd143d36570d2bdbbdc88fe5cb0b5405e53dd34f479cbd8a"},
    {file = "rapidfuzz-3.10.0-pp310-pypy310_pp73-macosx_11_0_arm64.whl", hash = "sha256:b67cc21a14327a0eb0f47bc3d7e59ec08031c7c55220ece672f9476e7a8068d3"},
    {file = "rapidfuzz-3.10.0-pp310-pypy310_pp73-manylinux_2_17_aarch64.manylinux2014_aarch64.whl", hash = "sha256:2fe5783676f0afba4a522c80b15e99dbf4e393c149ab610308a8ef1f04c6bcc8"},
    {file = "rapidfuzz-3.10.0-pp310-pypy310_pp73-manylinux_2_17_i686.manylinux2014_i686.whl", hash = "sha256:d4688862f957c8629d557d084f20b2d803f8738b6c4066802a0b1cc472e088d9"},
    {file = "rapidfuzz-3.10.0-pp310-pypy310_pp73-manylinux_2_17_x86_64.manylinux2014_x86_64.whl", hash = "sha256:20bd153aacc244e4c907d772c703fea82754c4db14f8aa64d75ff81b7b8ab92d"},
    {file = "rapidfuzz-3.10.0-pp310-pypy310_pp73-win_amd64.whl", hash = "sha256:50484d563f8bfa723c74c944b0bb15b9e054db9c889348c8c307abcbee75ab92"},
    {file = "rapidfuzz-3.10.0-pp39-pypy39_pp73-macosx_10_15_x86_64.whl", hash = "sha256:5897242d455461f2c5b82d7397b29341fd11e85bf3608a522177071044784ee8"},
    {file = "rapidfuzz-3.10.0-pp39-pypy39_pp73-macosx_11_0_arm64.whl", hash = "sha256:116c71a81e046ba56551d8ab68067ca7034d94b617545316d460a452c5c3c289"},
    {file = "rapidfuzz-3.10.0-pp39-pypy39_pp73-manylinux_2_17_aarch64.manylinux2014_aarch64.whl", hash = "sha256:f0a547e4350d1fa32624d3eab51eff8cf329f4cae110b4ea0402486b1da8be40"},
    {file = "rapidfuzz-3.10.0-pp39-pypy39_pp73-manylinux_2_17_i686.manylinux2014_i686.whl", hash = "sha256:399b9b79ccfcf50ca3bad7692bc098bb8eade88d7d5e15773b7f866c91156d0c"},
    {file = "rapidfuzz-3.10.0-pp39-pypy39_pp73-manylinux_2_17_x86_64.manylinux2014_x86_64.whl", hash = "sha256:7947a425d1be3e744707ee58c6cb318b93a56e08f080722dcc0347e0b7a1bb9a"},
    {file = "rapidfuzz-3.10.0-pp39-pypy39_pp73-win_amd64.whl", hash = "sha256:94c48b4a2a4b1d22246f48e2b11cae01ec7d23f0c9123f8bb822839ad79d0a88"},
    {file = "rapidfuzz-3.10.0.tar.gz", hash = "sha256:6b62af27e65bb39276a66533655a2fa3c60a487b03935721c45b7809527979be"},
]

[package.extras]
all = ["numpy"]

[[package]]
name = "ruff"
version = "0.6.7"
description = "An extremely fast Python linter and code formatter, written in Rust."
optional = false
python-versions = ">=3.7"
files = [
    {file = "ruff-0.6.7-py3-none-linux_armv6l.whl", hash = "sha256:08277b217534bfdcc2e1377f7f933e1c7957453e8a79764d004e44c40db923f2"},
    {file = "ruff-0.6.7-py3-none-macosx_10_12_x86_64.whl", hash = "sha256:c6707a32e03b791f4448dc0dce24b636cbcdee4dd5607adc24e5ee73fd86c00a"},
    {file = "ruff-0.6.7-py3-none-macosx_11_0_arm64.whl", hash = "sha256:533d66b7774ef224e7cf91506a7dafcc9e8ec7c059263ec46629e54e7b1f90ab"},
    {file = "ruff-0.6.7-py3-none-manylinux_2_17_aarch64.manylinux2014_aarch64.whl", hash = "sha256:17a86aac6f915932d259f7bec79173e356165518859f94649d8c50b81ff087e9"},
    {file = "ruff-0.6.7-py3-none-manylinux_2_17_armv7l.manylinux2014_armv7l.whl", hash = "sha256:b3f8822defd260ae2460ea3832b24d37d203c3577f48b055590a426a722d50ef"},
    {file = "ruff-0.6.7-py3-none-manylinux_2_17_i686.manylinux2014_i686.whl", hash = "sha256:9ba4efe5c6dbbb58be58dd83feedb83b5e95c00091bf09987b4baf510fee5c99"},
    {file = "ruff-0.6.7-py3-none-manylinux_2_17_ppc64.manylinux2014_ppc64.whl", hash = "sha256:525201b77f94d2b54868f0cbe5edc018e64c22563da6c5c2e5c107a4e85c1c0d"},
    {file = "ruff-0.6.7-py3-none-manylinux_2_17_ppc64le.manylinux2014_ppc64le.whl", hash = "sha256:8854450839f339e1049fdbe15d875384242b8e85d5c6947bb2faad33c651020b"},
    {file = "ruff-0.6.7-py3-none-manylinux_2_17_s390x.manylinux2014_s390x.whl", hash = "sha256:2f0b62056246234d59cbf2ea66e84812dc9ec4540518e37553513392c171cb18"},
    {file = "ruff-0.6.7-py3-none-manylinux_2_17_x86_64.manylinux2014_x86_64.whl", hash = "sha256:6b1462fa56c832dc0cea5b4041cfc9c97813505d11cce74ebc6d1aae068de36b"},
    {file = "ruff-0.6.7-py3-none-musllinux_1_2_aarch64.whl", hash = "sha256:02b083770e4cdb1495ed313f5694c62808e71764ec6ee5db84eedd82fd32d8f5"},
    {file = "ruff-0.6.7-py3-none-musllinux_1_2_armv7l.whl", hash = "sha256:0c05fd37013de36dfa883a3854fae57b3113aaa8abf5dea79202675991d48624"},
    {file = "ruff-0.6.7-py3-none-musllinux_1_2_i686.whl", hash = "sha256:f49c9caa28d9bbfac4a637ae10327b3db00f47d038f3fbb2195c4d682e925b14"},
    {file = "ruff-0.6.7-py3-none-musllinux_1_2_x86_64.whl", hash = "sha256:a0e1655868164e114ba43a908fd2d64a271a23660195017c17691fb6355d59bb"},
    {file = "ruff-0.6.7-py3-none-win32.whl", hash = "sha256:a939ca435b49f6966a7dd64b765c9df16f1faed0ca3b6f16acdf7731969deb35"},
    {file = "ruff-0.6.7-py3-none-win_amd64.whl", hash = "sha256:590445eec5653f36248584579c06252ad2e110a5d1f32db5420de35fb0e1c977"},
    {file = "ruff-0.6.7-py3-none-win_arm64.whl", hash = "sha256:b28f0d5e2f771c1fe3c7a45d3f53916fc74a480698c4b5731f0bea61e52137c8"},
    {file = "ruff-0.6.7.tar.gz", hash = "sha256:44e52129d82266fa59b587e2cd74def5637b730a69c4542525dfdecfaae38bd5"},
]

[[package]]
name = "sqlparse"
version = "0.5.1"
description = "A non-validating SQL parser."
optional = false
python-versions = ">=3.8"
files = [
    {file = "sqlparse-0.5.1-py3-none-any.whl", hash = "sha256:773dcbf9a5ab44a090f3441e2180efe2560220203dc2f8c0b0fa141e18b505e4"},
    {file = "sqlparse-0.5.1.tar.gz", hash = "sha256:bb6b4df465655ef332548e24f08e205afc81b9ab86cb1c45657a7ff173a3a00e"},
]

[package.extras]
dev = ["build", "hatch"]
doc = ["sphinx"]

[[package]]
name = "thefuzz"
version = "0.22.1"
description = "Fuzzy string matching in python"
optional = false
python-versions = ">=3.8"
files = [
    {file = "thefuzz-0.22.1-py3-none-any.whl", hash = "sha256:59729b33556850b90e1093c4cf9e618af6f2e4c985df193fdf3c5b5cf02ca481"},
    {file = "thefuzz-0.22.1.tar.gz", hash = "sha256:7138039a7ecf540da323792d8592ef9902b1d79eb78c147d4f20664de79f3680"},
]

[package.dependencies]
rapidfuzz = ">=3.0.0,<4.0.0"

[[package]]
name = "types-pyyaml"
version = "6.0.12.20240917"
description = "Typing stubs for PyYAML"
optional = false
python-versions = ">=3.8"
files = [
    {file = "types-PyYAML-6.0.12.20240917.tar.gz", hash = "sha256:d1405a86f9576682234ef83bcb4e6fff7c9305c8b1fbad5e0bcd4f7dbdc9c587"},
    {file = "types_PyYAML-6.0.12.20240917-py3-none-any.whl", hash = "sha256:392b267f1c0fe6022952462bf5d6523f31e37f6cea49b14cee7ad634b6301570"},
]

[[package]]
name = "typing-extensions"
version = "4.12.2"
description = "Backported and Experimental Type Hints for Python 3.8+"
optional = false
python-versions = ">=3.8"
files = [
    {file = "typing_extensions-4.12.2-py3-none-any.whl", hash = "sha256:04e5ca0351e0f3f85c6853954072df659d0d13fac324d0072316b67d7794700d"},
    {file = "typing_extensions-4.12.2.tar.gz", hash = "sha256:1a7ead55c7e559dd4dee8856e3a88b41225abfe1ce8df57b7c13915fe121ffb8"},
]

[[package]]
name = "tzdata"
version = "2024.1"
description = "Provider of IANA time zone data"
optional = false
python-versions = ">=2"
files = [
    {file = "tzdata-2024.1-py2.py3-none-any.whl", hash = "sha256:9068bc196136463f5245e51efda838afa15aaeca9903f49050dfa2679db4d252"},
    {file = "tzdata-2024.1.tar.gz", hash = "sha256:2674120f8d891909751c38abcdfd386ac0a5a1127954fbc332af6b5ceae07efd"},
]

[metadata]
lock-version = "2.0"
python-versions = "^3.12"
content-hash = "257c151aea0813299100c68c74d2144144732404fe6858e6807b78070886ccdd"
